Microsoft Visual Studio Solution File, Format Version 12.00
# Visual Studio 14
VisualStudioVersion = 14.0.25420.1
MinimumVisualStudioVersion = 10.0.40219.1
Project("{FAE04EC0-301F-11D3-BF4B-00C04F79EFBC}") = "Mita.Notifications.Client", "src\Mita.Notifications.Client\Mita.Notifications.Client.csproj", "{675E6101-D203-4ECC-B19F-C4B3EA6897AD}"
EndProject
Project("{FAE04EC0-301F-11D3-BF4B-00C04F79EFBC}") = "Mita.Notifications.Client.Test", "src\Mita.Notifications.Client.Test\Mita.Notifications.Client.Test.csproj", "{19F1DEBC-DE5E-4517-8062-F000CD499087}"
EndProject
Project("{FAE04EC0-301F-11D3-BF4B-00C04F79EFBC}") = "Mita.Notifications.Client.Demo", "Mita.Notifications.Client.Demo\Mita.Notifications.Client.Demo.csproj", "{2501C97D-4856-4DEF-845A-43AF96565F7C}"
EndProject
Global
	GlobalSection(SolutionConfigurationPlatforms) = preSolution
		Debug|Any CPU = Debug|Any CPU
		Release|Any CPU = Release|Any CPU
	EndGlobalSection
	GlobalSection(ProjectConfigurationPlatforms) = postSolution
		{675E6101-D203-4ECC-B19F-C4B3EA6897AD}.Debug|Any CPU.ActiveCfg = Debug|Any CPU
		{675E6101-D203-4ECC-B19F-C4B3EA6897AD}.Debug|Any CPU.Build.0 = Debug|Any CPU
		{675E6101-D203-4ECC-B19F-C4B3EA6897AD}.Release|Any CPU.ActiveCfg = Release|Any CPU
		{675E6101-D203-4ECC-B19F-C4B3EA6897AD}.Release|Any CPU.Build.0 = Release|Any CPU
		{19F1DEBC-DE5E-4517-8062-F000CD499087}.Debug|Any CPU.ActiveCfg = Debug|Any CPU
		{19F1DEBC-DE5E-4517-8062-F000CD499087}.Debug|Any CPU.Build.0 = Debug|Any CPU
		{19F1DEBC-DE5E-4517-8062-F000CD499087}.Release|Any CPU.ActiveCfg = Release|Any CPU
		{19F1DEBC-DE5E-4517-8062-F000CD499087}.Release|Any CPU.Build.0 = Release|Any CPU
		{2501C97D-4856-4DEF-845A-43AF96565F7C}.Debug|Any CPU.ActiveCfg = Debug|Any CPU
		{2501C97D-4856-4DEF-845A-43AF96565F7C}.Debug|Any CPU.Build.0 = Debug|Any CPU
		{2501C97D-4856-4DEF-845A-43AF96565F7C}.Release|Any CPU.ActiveCfg = Release|Any CPU
		{2501C97D-4856-4DEF-845A-43AF96565F7C}.Release|Any CPU.Build.0 = Release|Any CPU
	EndGlobalSection
	GlobalSection(SolutionProperties) = preSolution
		HideSolutionNode = FALSE
	EndGlobalSection
EndGlobal
